
Microsoft Visual Studio Solution File, Format Version 12.00
# Visual Studio Version 17
VisualStudioVersion = 17.8.34601.278
MinimumVisualStudioVersion = 10.0.40219.1
Project("{2150E333-8FDC-42A3-9474-1A3956D46DE8}") = "Services", "Services", "{A20601B2-444F-48D8-8367-930C90168043}"
EndProject
Project("{2150E333-8FDC-42A3-9474-1A3956D46DE8}") = "User", "User", "{954B0E0E-C809-4FAD-B00E-D974CDB12BBB}"
EndProject
Project("{9A19103F-16F7-4668-BE54-9A1E7A4F7556}") = "OrientaTFG.User.Core", "Services\User\OrientaTFG.User.Core\OrientaTFG.User.Core.csproj", "{6B752A2A-315B-4E83-8A01-15CC9E085E30}"
EndProject
Project("{9A19103F-16F7-4668-BE54-9A1E7A4F7556}") = "OrientaTFG.User.Api", "Services\User\OrientaTFG.User.Api\OrientaTFG.User.Api.csproj", "{94FC4625-ACE2-4CF1-B6B1-F6308EEE9575}"
EndProject
Project("{2150E333-8FDC-42A3-9474-1A3956D46DE8}") = "Shared", "Shared", "{0113F989-54D5-4004-9041-7C9D4FBFBF04}"
EndProject
Project("{9A19103F-16F7-4668-BE54-9A1E7A4F7556}") = "OrientaTFG.Shared.Infrastructure", "Services\Shared\OrientaTFG.Shared.Infrastructure\OrientaTFG.Shared.Infrastructure.csproj", "{23212B2A-701C-487B-AA3A-513306D76A74}"
EndProject
Project("{2150E333-8FDC-42A3-9474-1A3956D46DE8}") = "Test", "Test", "{1B5536A8-831A-4F3D-BB33-C03EA2FC1A91}"
EndProject
Project("{2150E333-8FDC-42A3-9474-1A3956D46DE8}") = "User", "User", "{DF94DDE8-B7E7-4774-AFE4-0BC00C92815E}"
EndProject
Project("{9A19103F-16F7-4668-BE54-9A1E7A4F7556}") = "OrientaTFG.User.Core.Test", "Test\User\OrientaTFG.User.Core.Test\OrientaTFG.User.Core.Test.csproj", "{69B49C49-F288-4B7D-8837-52A7E07252AD}"
EndProject
Project("{9A19103F-16F7-4668-BE54-9A1E7A4F7556}") = "OrientaTFG.TFG.Api", "Services\TFG\OrientaTFG.TFG.Api\OrientaTFG.TFG.Api.csproj", "{51458AE5-4A36-4644-AEDF-BEB5DA9B6857}"
EndProject
Project("{9A19103F-16F7-4668-BE54-9A1E7A4F7556}") = "OrientaTFG.TFG.Core", "Services\TFG\OrientaTFG.TFG.Core\OrientaTFG.TFG.Core.csproj", "{6EBA6EA3-860E-4A56-A4FC-9E800C824FFD}"
EndProject
Project("{2150E333-8FDC-42A3-9474-1A3956D46DE8}") = "TFG", "TFG", "{14167C34-F371-4BBC-A716-05A4CDCF74F9}"
EndProject
Project("{2150E333-8FDC-42A3-9474-1A3956D46DE8}") = "TFG", "TFG", "{7F9C81C7-C357-4A72-9F12-708E8D5F644C}"
EndProject
Project("{FAE04EC0-301F-11D3-BF4B-00C04F79EFBC}") = "OrientaTFG.TFG.Core.Test", "Test\TFG\OrientaTFG.TFG.Core.Test\OrientaTFG.TFG.Core.Test.csproj", "{91D079BD-4FAE-4DA8-A9F5-092BBD9AC804}"
EndProject
Global
	GlobalSection(SolutionConfigurationPlatforms) = preSolution
		Debug|Any CPU = Debug|Any CPU
		Release|Any CPU = Release|Any CPU
	EndGlobalSection
	GlobalSection(ProjectConfigurationPlatforms) = postSolution
		{6B752A2A-315B-4E83-8A01-15CC9E085E30}.Debug|Any CPU.ActiveCfg = Debug|Any CPU
		{6B752A2A-315B-4E83-8A01-15CC9E085E30}.Debug|Any CPU.Build.0 = Debug|Any CPU
		{6B752A2A-315B-4E83-8A01-15CC9E085E30}.Release|Any CPU.ActiveCfg = Release|Any CPU
		{6B752A2A-315B-4E83-8A01-15CC9E085E30}.Release|Any CPU.Build.0 = Release|Any CPU
		{94FC4625-ACE2-4CF1-B6B1-F6308EEE9575}.Debug|Any CPU.ActiveCfg = Debug|Any CPU
		{94FC4625-ACE2-4CF1-B6B1-F6308EEE9575}.Debug|Any CPU.Build.0 = Debug|Any CPU
		{94FC4625-ACE2-4CF1-B6B1-F6308EEE9575}.Release|Any CPU.ActiveCfg = Release|Any CPU
		{94FC4625-ACE2-4CF1-B6B1-F6308EEE9575}.Release|Any CPU.Build.0 = Release|Any CPU
		{23212B2A-701C-487B-AA3A-513306D76A74}.Debug|Any CPU.ActiveCfg = Debug|Any CPU
		{23212B2A-701C-487B-AA3A-513306D76A74}.Debug|Any CPU.Build.0 = Debug|Any CPU
		{23212B2A-701C-487B-AA3A-513306D76A74}.Release|Any CPU.ActiveCfg = Release|Any CPU
		{23212B2A-701C-487B-AA3A-513306D76A74}.Release|Any CPU.Build.0 = Release|Any CPU
		{69B49C49-F288-4B7D-8837-52A7E07252AD}.Debug|Any CPU.ActiveCfg = Debug|Any CPU
		{69B49C49-F288-4B7D-8837-52A7E07252AD}.Debug|Any CPU.Build.0 = Debug|Any CPU
		{69B49C49-F288-4B7D-8837-52A7E07252AD}.Release|Any CPU.ActiveCfg = Release|Any CPU
		{69B49C49-F288-4B7D-8837-52A7E07252AD}.Release|Any CPU.Build.0 = Release|Any CPU
		{51458AE5-4A36-4644-AEDF-BEB5DA9B6857}.Debug|Any CPU.ActiveCfg = Debug|Any CPU
		{51458AE5-4A36-4644-AEDF-BEB5DA9B6857}.Debug|Any CPU.Build.0 = Debug|Any CPU
		{51458AE5-4A36-4644-AEDF-BEB5DA9B6857}.Release|Any CPU.ActiveCfg = Release|Any CPU
		{51458AE5-4A36-4644-AEDF-BEB5DA9B6857}.Release|Any CPU.Build.0 = Release|Any CPU
		{6EBA6EA3-860E-4A56-A4FC-9E800C824FFD}.Debug|Any CPU.ActiveCfg = Debug|Any CPU
		{6EBA6EA3-860E-4A56-A4FC-9E800C824FFD}.Debug|Any CPU.Build.0 = Debug|Any CPU
		{6EBA6EA3-860E-4A56-A4FC-9E800C824FFD}.Release|Any CPU.ActiveCfg = Release|Any CPU
		{6EBA6EA3-860E-4A56-A4FC-9E800C824FFD}.Release|Any CPU.Build.0 = Release|Any CPU
		{91D079BD-4FAE-4DA8-A9F5-092BBD9AC804}.Debug|Any CPU.ActiveCfg = Debug|Any CPU
		{91D079BD-4FAE-4DA8-A9F5-092BBD9AC804}.Debug|Any CPU.Build.0 = Debug|Any CPU
		{91D079BD-4FAE-4DA8-A9F5-092BBD9AC804}.Release|Any CPU.ActiveCfg = Release|Any CPU
		{91D079BD-4FAE-4DA8-A9F5-092BBD9AC804}.Release|Any CPU.Build.0 = Release|Any CPU
	EndGlobalSection
	GlobalSection(SolutionProperties) = preSolution
		HideSolutionNode = FALSE
	EndGlobalSection
	GlobalSection(NestedProjects) = preSolution
		{954B0E0E-C809-4FAD-B00E-D974CDB12BBB} = {A20601B2-444F-48D8-8367-930C90168043}
		{6B752A2A-315B-4E83-8A01-15CC9E085E30} = {954B0E0E-C809-4FAD-B00E-D974CDB12BBB}
		{94FC4625-ACE2-4CF1-B6B1-F6308EEE9575} = {954B0E0E-C809-4FAD-B00E-D974CDB12BBB}
		{0113F989-54D5-4004-9041-7C9D4FBFBF04} = {A20601B2-444F-48D8-8367-930C90168043}
		{23212B2A-701C-487B-AA3A-513306D76A74} = {0113F989-54D5-4004-9041-7C9D4FBFBF04}
		{DF94DDE8-B7E7-4774-AFE4-0BC00C92815E} = {1B5536A8-831A-4F3D-BB33-C03EA2FC1A91}
		{69B49C49-F288-4B7D-8837-52A7E07252AD} = {DF94DDE8-B7E7-4774-AFE4-0BC00C92815E}
		{51458AE5-4A36-4644-AEDF-BEB5DA9B6857} = {14167C34-F371-4BBC-A716-05A4CDCF74F9}
		{6EBA6EA3-860E-4A56-A4FC-9E800C824FFD} = {14167C34-F371-4BBC-A716-05A4CDCF74F9}
		{14167C34-F371-4BBC-A716-05A4CDCF74F9} = {A20601B2-444F-48D8-8367-930C90168043}
		{7F9C81C7-C357-4A72-9F12-708E8D5F644C} = {1B5536A8-831A-4F3D-BB33-C03EA2FC1A91}
		{91D079BD-4FAE-4DA8-A9F5-092BBD9AC804} = {7F9C81C7-C357-4A72-9F12-708E8D5F644C}
	EndGlobalSection
	GlobalSection(ExtensibilityGlobals) = postSolution
		SolutionGuid = {0B6704FB-2D82-4FEE-B790-90F9890FA5DE}
	EndGlobalSection
EndGlobal
